// !$*UTF8*$!
{
	archiveVersion = 1;
	classes = {
	};
	objectVersion = 55;
	objects = {

/* Begin PBXBuildFile section */
		44A002CB2898AA0000F04EE3 /* CameraApp.swift in Sources */ = {isa = PBXBuildFile; fileRef = 44A002CA2898AA0000F04EE3 /* CameraApp.swift */; };
		44A002CD2898AA0000F04EE3 /* ContentView.swift in Sources */ = {isa = PBXBuildFile; fileRef = 44A002CC2898AA0000F04EE3 /* ContentView.swift */; };
		44A002CF2898AA0200F04EE3 /* Assets.xcassets in Resources */ = {isa = PBXBuildFile; fileRef = 44A002CE2898AA0200F04EE3 /* Assets.xcassets */; };
		44A002D22898AA0200F04EE3 /* Preview Assets.xcassets in Resources */ = {isa = PBXBuildFile; fileRef = 44A002D12898AA0200F04EE3 /* Preview Assets.xcassets */; };
		44A002DC2898AA0300F04EE3 /* CameraTests.swift in Sources */ = {isa = PBXBuildFile; fileRef = 44A002DB2898AA0300F04EE3 /* CameraTests.swift */; };
		44A002E62898AA0300F04EE3 /* CameraUITests.swift in Sources */ = {isa = PBXBuildFile; fileRef = 44A002E52898AA0300F04EE3 /* CameraUITests.swift */; };
		44A002E82898AA0300F04EE3 /* CameraUITestsLaunchTests.swift in Sources */ = {isa = PBXBuildFile; fileRef = 44A002E72898AA0300F04EE3 /* CameraUITestsLaunchTests.swift */; };
		44A002F52898AB1600F04EE3 /* Camera.swift in Sources */ = {isa = PBXBuildFile; fileRef = 44A002F42898AB1600F04EE3 /* Camera.swift */; };
		44A002F7289F08DA00F04EE3 /* CameraService.swift in Sources */ = {isa = PBXBuildFile; fileRef = 44A002F6289F08DA00F04EE3 /* CameraService.swift */; };
/* End PBXBuildFile section */

/* Begin PBXContainerItemProxy section */
		44A002D82898AA0300F04EE3 /* PBXContainerItemProxy */ = {
			isa = PBXContainerItemProxy;
			containerPortal = 44A002BF2898AA0000F04EE3 /* Project object */;
			proxyType = 1;
			remoteGlobalIDString = 44A002C62898AA0000F04EE3;
			remoteInfo = Camera;
		};
		44A002E22898AA0300F04EE3 /* PBXContainerItemProxy */ = {
			isa = PBXContainerItemProxy;
			containerPortal = 44A002BF2898AA0000F04EE3 /* Project object */;
			proxyType = 1;
			remoteGlobalIDString = 44A002C62898AA0000F04EE3;
			remoteInfo = Camera;
		};
/* End PBXContainerItemProxy section */

/* Begin PBXFileReference section */
		44A002C72898AA0000F04EE3 /* Camera.app */ = {isa = PBXFileReference; explicitFileType = wrapper.application; includeInIndex = 0; path = Camera.app; sourceTree = BUILT_PRODUCTS_DIR; };
		44A002CA2898AA0000F04EE3 /* CameraApp.swift */ = {isa = PBXFileReference; lastKnownFileType = sourcecode.swift; path = CameraApp.swift; sourceTree = "<group>"; };
		44A002CC2898AA0000F04EE3 /* ContentView.swift */ = {isa = PBXFileReference; lastKnownFileType = sourcecode.swift; path = ContentView.swift; sourceTree = "<group>"; };
		44A002CE2898AA0200F04EE3 /* Assets.xcassets */ = {isa = PBXFileReference; lastKnownFileType = folder.assetcatalog; path = Assets.xcassets; sourceTree = "<group>"; };
		44A002D12898AA0200F04EE3 /* Preview Assets.xcassets */ = {isa = PBXFileReference; lastKnownFileType = folder.assetcatalog; path = "Preview Assets.xcassets"; sourceTree = "<group>"; };
		44A002D72898AA0300F04EE3 /* CameraTests.xctest */ = {isa = PBXFileReference; explicitFileType = wrapper.cfbundle; includeInIndex = 0; path = CameraTests.xctest; sourceTree = BUILT_PRODUCTS_DIR; };
		44A002DB2898AA0300F04EE3 /* CameraTests.swift */ = {isa = PBXFileReference; lastKnownFileType = sourcecode.swift; path = CameraTests.swift; sourceTree = "<group>"; };
		44A002E12898AA0300F04EE3 /* CameraUITests.xctest */ = {isa = PBXFileReference; explicitFileType = wrapper.cfbundle; includeInIndex = 0; path = CameraUITests.xctest; sourceTree = BUILT_PRODUCTS_DIR; };
		44A002E52898AA0300F04EE3 /* CameraUITests.swift */ = {isa = PBXFileReference; lastKnownFileType = sourcecode.swift; path = CameraUITests.swift; sourceTree = "<group>"; };
		44A002E72898AA0300F04EE3 /* CameraUITestsLaunchTests.swift */ = {isa = PBXFileReference; lastKnownFileType = sourcecode.swift; path = CameraUITestsLaunchTests.swift; sourceTree = "<group>"; };
		44A002F42898AB1600F04EE3 /* Camera.swift */ = {isa = PBXFileReference; lastKnownFileType = sourcecode.swift; path = Camera.swift; sourceTree = "<group>"; };
		44A002F6289F08DA00F04EE3 /* CameraService.swift */ = {isa = PBXFileReference; lastKnownFileType = sourcecode.swift; path = CameraService.swift; sourceTree = "<group>"; };
/* End PBXFileReference section */

/* Begin PBXFrameworksBuildPhase section */
		44A002C42898AA0000F04EE3 /* Frameworks */ = {
			isa = PBXFrameworksBuildPhase;
			buildActionMask = 2147483647;
			files = (
			);
			runOnlyForDeploymentPostprocessing = 0;
		};
		44A002D42898AA0300F04EE3 /* Frameworks */ = {
			isa = PBXFrameworksBuildPhase;
			buildActionMask = 2147483647;
			files = (
			);
			runOnlyForDeploymentPostprocessing = 0;
		};
		44A002DE2898AA0300F04EE3 /* Frameworks */ = {
			isa = PBXFrameworksBuildPhase;
			buildActionMask = 2147483647;
			files = (
			);
			runOnlyForDeploymentPostprocessing = 0;
		};
/* End PBXFrameworksBuildPhase section */

/* Begin PBXGroup section */
		44A002BE2898AA0000F04EE3 = {
			isa = PBXGroup;
			children = (
				44A002C92898AA0000F04EE3 /* Camera */,
				44A002DA2898AA0300F04EE3 /* CameraTests */,
				44A002E42898AA0300F04EE3 /* CameraUITests */,
				44A002C82898AA0000F04EE3 /* Products */,
			);
			sourceTree = "<group>";
		};
		44A002C82898AA0000F04EE3 /* Products */ = {
			isa = PBXGroup;
			children = (
				44A002C72898AA0000F04EE3 /* Camera.app */,
				44A002D72898AA0300F04EE3 /* CameraTests.xctest */,
				44A002E12898AA0300F04EE3 /* CameraUITests.xctest */,
			);
			name = Products;
			sourceTree = "<group>";
		};
		44A002C92898AA0000F04EE3 /* Camera */ = {
			isa = PBXGroup;
			children = (
				44A002CA2898AA0000F04EE3 /* CameraApp.swift */,
				44A002CC2898AA0000F04EE3 /* ContentView.swift */,
				44A002CE2898AA0200F04EE3 /* Assets.xcassets */,
				44A002D02898AA0200F04EE3 /* Preview Content */,
				44A002F42898AB1600F04EE3 /* Camera.swift */,
				44A002F6289F08DA00F04EE3 /* CameraService.swift */,
			);
			path = Camera;
			sourceTree = "<group>";
		};
		44A002D02898AA0200F04EE3 /* Preview Content */ = {
			isa = PBXGroup;
			children = (
				44A002D12898AA0200F04EE3 /* Preview Assets.xcassets */,
			);
			path = "Preview Content";
			sourceTree = "<group>";
		};
		44A002DA2898AA0300F04EE3 /* CameraTests */ = {
			isa = PBXGroup;
			children = (
				44A002DB2898AA0300F04EE3 /* CameraTests.swift */,
			);
			path = CameraTests;
			sourceTree = "<group>";
		};
		44A002E42898AA0300F04EE3 /* CameraUITests */ = {
			isa = PBXGroup;
			children = (
				44A002E52898AA0300F04EE3 /* CameraUITests.swift */,
				44A002E72898AA0300F04EE3 /* CameraUITestsLaunchTests.swift */,
			);
			path = CameraUITests;
			sourceTree = "<group>";
		};
/* End PBXGroup section */

/* Begin PBXNativeTarget section */
		44A002C62898AA0000F04EE3 /* Camera */ = {
			isa = PBXNativeTarget;
			buildConfigurationList = 44A002EB2898AA0300F04EE3 /* Build configuration list for PBXNativeTarget "Camera" */;
			buildPhases = (
				44A002C32898AA0000F04EE3 /* Sources */,
				44A002C42898AA0000F04EE3 /* Frameworks */,
				44A002C52898AA0000F04EE3 /* Resources */,
			);
			buildRules = (
			);
			dependencies = (
			);
			name = Camera;
			productName = Camera;
			productReference = 44A002C72898AA0000F04EE3 /* Camera.app */;
			productType = "com.apple.product-type.application";
		};
		44A002D62898AA0300F04EE3 /* CameraTests */ = {
			isa = PBXNativeTarget;
			buildConfigurationList = 44A002EE2898AA0300F04EE3 /* Build configuration list for PBXNativeTarget "CameraTests" */;
			buildPhases = (
				44A002D32898AA0300F04EE3 /* Sources */,
				44A002D42898AA0300F04EE3 /* Frameworks */,
				44A002D52898AA0300F04EE3 /* Resources */,
			);
			buildRules = (
			);
			dependencies = (
				44A002D92898AA0300F04EE3 /* PBXTargetDependency */,
			);
			name = CameraTests;
			productName = CameraTests;
			productReference = 44A002D72898AA0300F04EE3 /* CameraTests.xctest */;
			productType = "com.apple.product-type.bundle.unit-test";
		};
		44A002E02898AA0300F04EE3 /* CameraUITests */ = {
			isa = PBXNativeTarget;
			buildConfigurationList = 44A002F12898AA0300F04EE3 /* Build configuration list for PBXNativeTarget "CameraUITests" */;
			buildPhases = (
				44A002DD2898AA0300F04EE3 /* Sources */,
				44A002DE2898AA0300F04EE3 /* Frameworks */,
				44A002DF2898AA0300F04EE3 /* Resources */,
			);
			buildRules = (
			);
			dependencies = (
				44A002E32898AA0300F04EE3 /* PBXTargetDependency */,
			);
			name = CameraUITests;
			productName = CameraUITests;
			productReference = 44A002E12898AA0300F04EE3 /* CameraUITests.xctest */;
			productType = "com.apple.product-type.bundle.ui-testing";
		};
/* End PBXNativeTarget section */

/* Begin PBXProject section */
		44A002BF2898AA0000F04EE3 /* Project object */ = {
			isa = PBXProject;
			attributes = {
				BuildIndependentTargetsInParallel = 1;
				LastSwiftUpdateCheck = 1340;
				LastUpgradeCheck = 1340;
				TargetAttributes = {
					44A002C62898AA0000F04EE3 = {
						CreatedOnToolsVersion = 13.4.1;
					};
					44A002D62898AA0300F04EE3 = {
						CreatedOnToolsVersion = 13.4.1;
						TestTargetID = 44A002C62898AA0000F04EE3;
					};
					44A002E02898AA0300F04EE3 = {
						CreatedOnToolsVersion = 13.4.1;
						TestTargetID = 44A002C62898AA0000F04EE3;
					};
				};
			};
			buildConfigurationList = 44A002C22898AA0000F04EE3 /* Build configuration list for PBXProject "Camera" */;
			compatibilityVersion = "Xcode 13.0";
			developmentRegion = en;
			hasScannedForEncodings = 0;
			knownRegions = (
				en,
				Base,
			);
			mainGroup = 44A002BE2898AA0000F04EE3;
			productRefGroup = 44A002C82898AA0000F04EE3 /* Products */;
			projectDirPath = "";
			projectRoot = "";
			targets = (
				44A002C62898AA0000F04EE3 /* Camera */,
				44A002D62898AA0300F04EE3 /* CameraTests */,
				44A002E02898AA0300F04EE3 /* CameraUITests */,
			);
		};
/* End PBXProject section */

/* Begin PBXResourcesBuildPhase section */
		44A002C52898AA0000F04EE3 /* Resources */ = {
			isa = PBXResourcesBuildPhase;
			buildActionMask = 2147483647;
			files = (
				44A002D22898AA0200F04EE3 /* Preview Assets.xcassets in Resources */,
				44A002CF2898AA0200F04EE3 /* Assets.xcassets in Resources */,
			);
			runOnlyForDeploymentPostprocessing = 0;
		};
		44A002D52898AA0300F04EE3 /* Resources */ = {
			isa = PBXResourcesBuildPhase;
			buildActionMask = 2147483647;
			files = (
			);
			runOnlyForDeploymentPostprocessing = 0;
		};
		44A002DF2898AA0300F04EE3 /* Resources */ = {
			isa = PBXResourcesBuildPhase;
			buildActionMask = 2147483647;
			files = (
			);
			runOnlyForDeploymentPostprocessing = 0;
		};
/* End PBXResourcesBuildPhase section */

/* Begin PBXSourcesBuildPhase section */
		44A002C32898AA0000F04EE3 /* Sources */ = {
			isa = PBXSourcesBuildPhase;
			buildActionMask = 2147483647;
			files = (
				44A002F7289F08DA00F04EE3 /* CameraService.swift in Sources */,
				44A002CD2898AA0000F04EE3 /* ContentView.swift in Sources */,
				44A002CB2898AA0000F04EE3 /* CameraApp.swift in Sources */,
				44A002F52898AB1600F04EE3 /* Camera.swift in Sources */,
			);
			runOnlyForDeploymentPostprocessing = 0;
		};
		44A002D32898AA0300F04EE3 /* Sources */ = {
			isa = PBXSourcesBuildPhase;
			buildActionMask = 2147483647;
			files = (
				44A002DC2898AA0300F04EE3 /* CameraTests.swift in Sources */,
			);
			runOnlyForDeploymentPostprocessing = 0;
		};
		44A002DD2898AA0300F04EE3 /* Sources */ = {
			isa = PBXSourcesBuildPhase;
			buildActionMask = 2147483647;
			files = (
				44A002E62898AA0300F04EE3 /* CameraUITests.swift in Sources */,
				44A002E82898AA0300F04EE3 /* CameraUITestsLaunchTests.swift in Sources */,
			);
			runOnlyForDeploymentPostprocessing = 0;
		};
/* End PBXSourcesBuildPhase section */

/* Begin PBXTargetDependency section */
		44A002D92898AA0300F04EE3 /* PBXTargetDependency */ = {
			isa = PBXTargetDependency;
			target = 44A002C62898AA0000F04EE3 /* Camera */;
			targetProxy = 44A002D82898AA0300F04EE3 /* PBXContainerItemProxy */;
		};
		44A002E32898AA0300F04EE3 /* PBXTargetDependency */ = {
			isa = PBXTargetDependency;
			target = 44A002C62898AA0000F04EE3 /* Camera */;
			targetProxy = 44A002E22898AA0300F04EE3 /* PBXContainerItemProxy */;
		};
/* End PBXTargetDependency section */

/* Begin XCBuildConfiguration section */
		44A002E92898AA0300F04EE3 /* Debug */ = {
			isa = XCBuildConfiguration;
			buildSettings = {
				ALWAYS_SEARCH_USER_PATHS = NO;
				CLANG_ANALYZER_NONNULL = YES;
				CLANG_ANALYZER_NUMBER_OBJECT_CONVERSION = YES_AGGRESSIVE;
				CLANG_CXX_LANGUAGE_STANDARD = "gnu++17";
				CLANG_ENABLE_MODULES = YES;
				CLANG_ENABLE_OBJC_ARC = YES;
				CLANG_ENABLE_OBJC_WEAK = YES;
				CLANG_WARN_BLOCK_CAPTURE_AUTORELEASING = YES;
				CLANG_WARN_BOOL_CONVERSION = YES;
				CLANG_WARN_COMMA = YES;
				CLANG_WARN_CONSTANT_CONVERSION = YES;
				CLANG_WARN_DEPRECATED_OBJC_IMPLEMENTATIONS = YES;
				CLANG_WARN_DIRECT_OBJC_ISA_USAGE = YES_ERROR;
				CLANG_WARN_DOCUMENTATION_COMMENTS = YES;
				CLANG_WARN_EMPTY_BODY = YES;
				CLANG_WARN_ENUM_CONVERSION = YES;
				CLANG_WARN_INFINITE_RECURSION = YES;
				CLANG_WARN_INT_CONVERSION = YES;
				CLANG_WARN_NON_LITERAL_NULL_CONVERSION = YES;
				CLANG_WARN_OBJC_IMPLICIT_RETAIN_SELF = YES;
				CLANG_WARN_OBJC_LITERAL_CONVERSION = YES;
				CLANG_WARN_OBJC_ROOT_CLASS = YES_ERROR;
				CLANG_WARN_QUOTED_INCLUDE_IN_FRAMEWORK_HEADER = YES;
				CLANG_WARN_RANGE_LOOP_ANALYSIS = YES;
				CLANG_WARN_STRICT_PROTOTYPES = YES;
				CLANG_WARN_SUSPICIOUS_MOVE = YES;
				CLANG_WARN_UNGUARDED_AVAILABILITY = YES_AGGRESSIVE;
				CLANG_WARN_UNREACHABLE_CODE = YES;
				CLANG_WARN__DUPLICATE_METHOD_MATCH = YES;
				COPY_PHASE_STRIP = NO;
				DEBUG_INFORMATION_FORMAT = dwarf;
				ENABLE_STRICT_OBJC_MSGSEND = YES;
				ENABLE_TESTABILITY = YES;
				GCC_C_LANGUAGE_STANDARD = gnu11;
				GCC_DYNAMIC_NO_PIC = NO;
				GCC_NO_COMMON_BLOCKS = YES;
				GCC_OPTIMIZATION_LEVEL = 0;
				GCC_PREPROCESSOR_DEFINITIONS = (
					"DEBUG=1",
					"$(inherited)",
				);
				GCC_WARN_64_TO_32_BIT_CONVERSION = YES;
				GCC_WARN_ABOUT_RETURN_TYPE = YES_ERROR;
				GCC_WARN_UNDECLARED_SELECTOR = YES;
				GCC_WARN_UNINITIALIZED_AUTOS = YES_AGGRESSIVE;
				GCC_WARN_UNUSED_FUNCTION = YES;
				GCC_WARN_UNUSED_VARIABLE = YES;
				IPHONEOS_DEPLOYMENT_TARGET = 15.5;
				MTL_ENABLE_DEBUG_INFO = INCLUDE_SOURCE;
				MTL_FAST_MATH = YES;
				ONLY_ACTIVE_ARCH = YES;
				SDKROOT = iphoneos;
				SWIFT_ACTIVE_COMPILATION_CONDITIONS = DEBUG;
				SWIFT_OPTIMIZATION_LEVEL = "-Onone";
			};
			name = Debug;
		};
		44A002EA2898AA0300F04EE3 /* Release */ = {
			isa = XCBuildConfiguration;
			buildSettings = {
				ALWAYS_SEARCH_USER_PATHS = NO;
				CLANG_ANALYZER_NONNULL = YES;
				CLANG_ANALYZER_NUMBER_OBJECT_CONVERSION = YES_AGGRESSIVE;
				CLANG_CXX_LANGUAGE_STANDARD = "gnu++17";
				CLANG_ENABLE_MODULES = YES;
				CLANG_ENABLE_OBJC_ARC = YES;
				CLANG_ENABLE_OBJC_WEAK = YES;
				CLANG_WARN_BLOCK_CAPTURE_AUTORELEASING = YES;
				CLANG_WARN_BOOL_CONVERSION = YES;
				CLANG_WARN_COMMA = YES;
				CLANG_WARN_CONSTANT_CONVERSION = YES;
				CLANG_WARN_DEPRECATED_OBJC_IMPLEMENTATIONS = YES;
				CLANG_WARN_DIRECT_OBJC_ISA_USAGE = YES_ERROR;
				CLANG_WARN_DOCUMENTATION_COMMENTS = YES;
				CLANG_WARN_EMPTY_BODY = YES;
				CLANG_WARN_ENUM_CONVERSION = YES;
				CLANG_WARN_INFINITE_RECURSION = YES;
				CLANG_WARN_INT_CONVERSION = YES;
				CLANG_WARN_NON_LITERAL_NULL_CONVERSION = YES;
				CLANG_WARN_OBJC_IMPLICIT_RETAIN_SELF = YES;
				CLANG_WARN_OBJC_LITERAL_CONVERSION = YES;
				CLANG_WARN_OBJC_ROOT_CLASS = YES_ERROR;
				CLANG_WARN_QUOTED_INCLUDE_IN_FRAMEWORK_HEADER = YES;
				CLANG_WARN_RANGE_LOOP_ANALYSIS = YES;
				CLANG_WARN_STRICT_PROTOTYPES = YES;
				CLANG_WARN_SUSPICIOUS_MOVE = YES;
				CLANG_WARN_UNGUARDED_AVAILABILITY = YES_AGGRESSIVE;
				CLANG_WARN_UNREACHABLE_CODE = YES;
				CLANG_WARN__DUPLICATE_METHOD_MATCH = YES;
				COPY_PHASE_STRIP = NO;
				DEBUG_INFORMATION_FORMAT = "dwarf-with-dsym";
				ENABLE_NS_ASSERTIONS = NO;
				ENABLE_STRICT_OBJC_MSGSEND = YES;
				GCC_C_LANGUAGE_STANDARD = gnu11;
				GCC_NO_COMMON_BLOCKS = YES;
				GCC_WARN_64_TO_32_BIT_CONVERSION = YES;
				GCC_WARN_ABOUT_RETURN_TYPE = YES_ERROR;
				GCC_WARN_UNDECLARED_SELECTOR = YES;
				GCC_WARN_UNINITIALIZED_AUTOS = YES_AGGRESSIVE;
				GCC_WARN_UNUSED_FUNCTION = YES;
				GCC_WARN_UNUSED_VARIABLE = YES;
				IPHONEOS_DEPLOYMENT_TARGET = 15.5;
				MTL_ENABLE_DEBUG_INFO = NO;
				MTL_FAST_MATH = YES;
				SDKROOT = iphoneos;
				SWIFT_COMPILATION_MODE = wholemodule;
				SWIFT_OPTIMIZATION_LEVEL = "-O";
				VALIDATE_PRODUCT = YES;
			};
			name = Release;
		};
		44A002EC2898AA0300F04EE3 /* Debug */ = {
			isa = XCBuildConfiguration;
			buildSettings = {
				ASSETCATALOG_COMPILER_APPICON_NAME = AppIcon;
				ASSETCATALOG_COMPILER_GLOBAL_ACCENT_COLOR_NAME = AccentColor;
				CODE_SIGN_STYLE = Automatic;
				CURRENT_PROJECT_VERSION = 1;
				DEVELOPMENT_ASSET_PATHS = "\"Camera/Preview Content\"";
				DEVELOPMENT_TEAM = W67T3AWNT4;
				ENABLE_PREVIEWS = YES;
				GENERATE_INFOPLIST_FILE = YES;
				INFOPLIST_KEY_UIApplicationSceneManifest_Generation = YES;
				INFOPLIST_KEY_UIApplicationSupportsIndirectInputEvents = YES;
				INFOPLIST_KEY_UILaunchScreen_Generation = YES;
				INFOPLIST_KEY_UISupportedInterfaceOrientations_iPad = "UIInterfaceOrientationPortrait UIInterfaceOrientationPortraitUpsideDown UIInterfaceOrientationLandscapeLeft UIInterfaceOrientationLandscapeRight";
				INFOPLIST_KEY_UISupportedInterfaceOrientations_iPhone = "UIInterfaceOrientationPortrait UIInterfaceOrientationLandscapeLeft UIInterfaceOrientationLandscapeRight";
				LD_RUNPATH_SEARCH_PATHS = (
					"$(inherited)",
					"@executable_path/Frameworks",
				);
				MARKETING_VERSION = 1.0;
				PRODUCT_BUNDLE_IDENTIFIER = john.Camera;
				PRODUCT_NAME = "$(TARGET_NAME)";
				SWIFT_EMIT_LOC_STRINGS = YES;
				SWIFT_VERSION = 5.0;
				TARGETED_DEVICE_FAMILY = "1,2";
			};
			name = Debug;
		};
		44A002ED2898AA0300F04EE3 /* Release */ = {
			isa = XCBuildConfiguration;
			buildSettings = {
				ASSETCATALOG_COMPILER_APPICON_NAME = AppIcon;
				ASSETCATALOG_COMPILER_GLOBAL_ACCENT_COLOR_NAME = AccentColor;
				CODE_SIGN_STYLE = Automatic;
				CURRENT_PROJECT_VERSION = 1;
				DEVELOPMENT_ASSET_PATHS = "\"Camera/Preview Content\"";
				DEVELOPMENT_TEAM = W67T3AWNT4;
				ENABLE_PREVIEWS = YES;
				GENERATE_INFOPLIST_FILE = YES;
				INFOPLIST_KEY_UIApplicationSceneManifest_Generation = YES;
				INFOPLIST_KEY_UIApplicationSupportsIndirectInputEvents = YES;
				INFOPLIST_KEY_UILaunchScreen_Generation = YES;
				INFOPLIST_KEY_UISupportedInterfaceOrientations_iPad = "UIInterfaceOrientationPortrait UIInterfaceOrientationPortraitUpsideDown UIInterfaceOrientationLandscapeLeft UIInterfaceOrientationLandscapeRight";
				INFOPLIST_KEY_UISupportedInterfaceOrientations_iPhone = "UIInterfaceOrientationPortrait UIInterfaceOrientationLandscapeLeft UIInterfaceOrientationLandscapeRight";
				LD_RUNPATH_SEARCH_PATHS = (
					"$(inherited)",
					"@executable_path/Frameworks",
				);
				MARKETING_VERSION = 1.0;
				PRODUCT_BUNDLE_IDENTIFIER = john.Camera;
				PRODUCT_NAME = "$(TARGET_NAME)";
				SWIFT_EMIT_LOC_STRINGS = YES;
				SWIFT_VERSION = 5.0;
				TARGETED_DEVICE_FAMILY = "1,2";
			};
			name = Release;
		};
		44A002EF2898AA0300F04EE3 /* Debug */ = {
			isa = XCBuildConfiguration;
			buildSettings = {
				ALWAYS_EMBED_SWIFT_STANDARD_LIBRARIES = YES;
				BUNDLE_LOADER = "$(TEST_HOST)";
				CODE_SIGN_STYLE = Automatic;
				CURRENT_PROJECT_VERSION = 1;
				DEVELOPMENT_TEAM = W67T3AWNT4;
				GENERATE_INFOPLIST_FILE = YES;
				IPHONEOS_DEPLOYMENT_TARGET = 15.5;
				MARKETING_VERSION = 1.0;
				PRODUCT_BUNDLE_IDENTIFIER = john.CameraTests;
				PRODUCT_NAME = "$(TARGET_NAME)";
				SWIFT_EMIT_LOC_STRINGS = NO;
				SWIFT_VERSION = 5.0;
				TARGETED_DEVICE_FAMILY = "1,2";
				TEST_HOST = "$(BUILT_PRODUCTS_DIR)/Camera.app/Camera";
			};
			name = Debug;
		};
		44A002F02898AA0300F04EE3 /* Release */ = {
			isa = XCBuildConfiguration;
			buildSettings = {
				ALWAYS_EMBED_SWIFT_STANDARD_LIBRARIES = YES;
				BUNDLE_LOADER = "$(TEST_HOST)";
				CODE_SIGN_STYLE = Automatic;
				CURRENT_PROJECT_VERSION = 1;
				DEVELOPMENT_TEAM = W67T3AWNT4;
				GENERATE_INFOPLIST_FILE = YES;
				IPHONEOS_DEPLOYMENT_TARGET = 15.5;
				MARKETING_VERSION = 1.0;
				PRODUCT_BUNDLE_IDENTIFIER = john.CameraTests;
				PRODUCT_NAME = "$(TARGET_NAME)";
				SWIFT_EMIT_LOC_STRINGS = NO;
				SWIFT_VERSION = 5.0;
				TARGETED_DEVICE_FAMILY = "1,2";
				TEST_HOST = "$(BUILT_PRODUCTS_DIR)/Camera.app/Camera";
			};
			name = Release;
		};
		44A002F22898AA0300F04EE3 /* Debug */ = {
			isa = XCBuildConfiguration;
			buildSettings = {
				ALWAYS_EMBED_SWIFT_STANDARD_LIBRARIES = YES;
				CODE_SIGN_STYLE = Automatic;
				CURRENT_PROJECT_VERSION = 1;
				DEVELOPMENT_TEAM = W67T3AWNT4;
				GENERATE_INFOPLIST_FILE = YES;
				MARKETING_VERSION = 1.0;
				PRODUCT_BUNDLE_IDENTIFIER = john.CameraUITests;
				PRODUCT_NAME = "$(TARGET_NAME)";
				SWIFT_EMIT_LOC_STRINGS = NO;
				SWIFT_VERSION = 5.0;
				TARGETED_DEVICE_FAMILY = "1,2";
				TEST_TARGET_NAME = Camera;
			};
			name = Debug;
		};
		44A002F32898AA0300F04EE3 /* Release */ = {
			isa = XCBuildConfiguration;
			buildSettings = {
				ALWAYS_EMBED_SWIFT_STANDARD_LIBRARIES = YES;
				CODE_SIGN_STYLE = Automatic;
				CURRENT_PROJECT_VERSION = 1;
				DEVELOPMENT_TEAM = W67T3AWNT4;
				GENERATE_INFOPLIST_FILE = YES;
				MARKETING_VERSION = 1.0;
				PRODUCT_BUNDLE_IDENTIFIER = john.CameraUITests;
				PRODUCT_NAME = "$(TARGET_NAME)";
				SWIFT_EMIT_LOC_STRINGS = NO;
				SWIFT_VERSION = 5.0;
				TARGETED_DEVICE_FAMILY = "1,2";
				TEST_TARGET_NAME = Camera;
			};
			name = Release;
		};
/* End XCBuildConfiguration section */

/* Begin XCConfigurationList section */
		44A002C22898AA0000F04EE3 /* Build configuration list for PBXProject "Camera" */ = {
			isa = XCConfigurationList;
			buildConfigurations = (
				44A002E92898AA0300F04EE3 /* Debug */,
				44A002EA2898AA0300F04EE3 /* Release */,
			);
			defaultConfigurationIsVisible = 0;
			defaultConfigurationName = Release;
		};
		44A002EB2898AA0300F04EE3 /* Build configuration list for PBXNativeTarget "Camera" */ = {
			isa = XCConfigurationList;
			buildConfigurations = (
				44A002EC2898AA0300F04EE3 /* Debug */,
				44A002ED2898AA0300F04EE3 /* Release */,
			);
			defaultConfigurationIsVisible = 0;
			defaultConfigurationName = Release;
		};
		44A002EE2898AA0300F04EE3 /* Build configuration list for PBXNativeTarget "CameraTests" */ = {
			isa = XCConfigurationList;
			buildConfigurations = (
				44A002EF2898AA0300F04EE3 /* Debug */,
				44A002F02898AA0300F04EE3 /* Release */,
			);
			defaultConfigurationIsVisible = 0;
			defaultConfigurationName = Release;
		};
		44A002F12898AA0300F04EE3 /* Build configuration list for PBXNativeTarget "CameraUITests" */ = {
			isa = XCConfigurationList;
			buildConfigurations = (
				44A002F22898AA0300F04EE3 /* Debug */,
				44A002F32898AA0300F04EE3 /* Release */,
			);
			defaultConfigurationIsVisible = 0;
			defaultConfigurationName = Release;
		};
/* End XCConfigurationList section */
	};
	rootObject = 44A002BF2898AA0000F04EE3 /* Project object */;
}
